// !$*UTF8*$!
{
	archiveVersion = 1;
	classes = {
	};
	objectVersion = 50;
	objects = {

/* Begin PBXBuildFile section */
		2B06F4FE26B4902C009F8549 /* Rational.swift in Sources */ = {isa = PBXBuildFile; fileRef = 2B06F4FD26B4902C009F8549 /* Rational.swift */; };
		2B06F50026B70BBF009F8549 /* RecipeHighlights.swift in Sources */ = {isa = PBXBuildFile; fileRef = 2B06F4FF26B70BBF009F8549 /* RecipeHighlights.swift */; };
		2B08D1BD26A8EAE400A6E348 /* recipe_list_app.swift in Sources */ = {isa = PBXBuildFile; fileRef = 2B08D1BC26A8EAE400A6E348 /* recipe_list_app.swift */; };
		2B08D1BF26A8EAE400A6E348 /* RecipeListView.swift in Sources */ = {isa = PBXBuildFile; fileRef = 2B08D1BE26A8EAE400A6E348 /* RecipeListView.swift */; };
		2B08D1C126A8EAE500A6E348 /* Assets.xcassets in Resources */ = {isa = PBXBuildFile; fileRef = 2B08D1C026A8EAE500A6E348 /* Assets.xcassets */; };
		2B08D1C426A8EAE500A6E348 /* Preview Assets.xcassets in Resources */ = {isa = PBXBuildFile; fileRef = 2B08D1C326A8EAE500A6E348 /* Preview Assets.xcassets */; };
		2B08D1D126A8EC0100A6E348 /* recipes.json in Resources */ = {isa = PBXBuildFile; fileRef = 2B08D1D026A8EC0100A6E348 /* recipes.json */; };
		2B08D1D326A8EC6200A6E348 /* Recipe.swift in Sources */ = {isa = PBXBuildFile; fileRef = 2B08D1D226A8EC6200A6E348 /* Recipe.swift */; };
		2B08D1D526A8EDB700A6E348 /* RecipeModel.swift in Sources */ = {isa = PBXBuildFile; fileRef = 2B08D1D426A8EDB700A6E348 /* RecipeModel.swift */; };
		2B08D1D726A9E2D900A6E348 /* DataService.swift in Sources */ = {isa = PBXBuildFile; fileRef = 2B08D1D626A9E2D900A6E348 /* DataService.swift */; };
		2B08D1D926AB396800A6E348 /* RecipeDetailView.swift in Sources */ = {isa = PBXBuildFile; fileRef = 2B08D1D826AB396800A6E348 /* RecipeDetailView.swift */; };
		2B32C2D426B0E88C00EB2B42 /* RecipeFeaturedView.swift in Sources */ = {isa = PBXBuildFile; fileRef = 2B32C2D326B0E88C00EB2B42 /* RecipeFeaturedView.swift */; };
		2BEC740B26AF707800691D07 /* RecipeTabView.swift in Sources */ = {isa = PBXBuildFile; fileRef = 2BEC740A26AF707800691D07 /* RecipeTabView.swift */; };
/* End PBXBuildFile section */

/* Begin PBXFileReference section */
		2B06F4FD26B4902C009F8549 /* Rational.swift */ = {isa = PBXFileReference; lastKnownFileType = sourcecode.swift; path = Rational.swift; sourceTree = "<group>"; };
		2B06F4FF26B70BBF009F8549 /* RecipeHighlights.swift */ = {isa = PBXFileReference; lastKnownFileType = sourcecode.swift; path = RecipeHighlights.swift; sourceTree = "<group>"; };
		2B08D1B926A8EAE400A6E348 /* recipe list app.app */ = {isa = PBXFileReference; explicitFileType = wrapper.application; includeInIndex = 0; path = "recipe list app.app"; sourceTree = BUILT_PRODUCTS_DIR; };
		2B08D1BC26A8EAE400A6E348 /* recipe_list_app.swift */ = {isa = PBXFileReference; lastKnownFileType = sourcecode.swift; path = recipe_list_app.swift; sourceTree = "<group>"; };
		2B08D1BE26A8EAE400A6E348 /* RecipeListView.swift */ = {isa = PBXFileReference; lastKnownFileType = sourcecode.swift; path = RecipeListView.swift; sourceTree = "<group>"; };
		2B08D1C026A8EAE500A6E348 /* Assets.xcassets */ = {isa = PBXFileReference; lastKnownFileType = folder.assetcatalog; path = Assets.xcassets; sourceTree = "<group>"; };
		2B08D1C326A8EAE500A6E348 /* Preview Assets.xcassets */ = {isa = PBXFileReference; lastKnownFileType = folder.assetcatalog; path = "Preview Assets.xcassets"; sourceTree = "<group>"; };
		2B08D1C526A8EAE500A6E348 /* Info.plist */ = {isa = PBXFileReference; lastKnownFileType = text.plist.xml; path = Info.plist; sourceTree = "<group>"; };
		2B08D1D026A8EC0100A6E348 /* recipes.json */ = {isa = PBXFileReference; fileEncoding = 4; lastKnownFileType = text.json; path = recipes.json; sourceTree = "<group>"; };
		2B08D1D226A8EC6200A6E348 /* Recipe.swift */ = {isa = PBXFileReference; lastKnownFileType = sourcecode.swift; path = Recipe.swift; sourceTree = "<group>"; };
		2B08D1D426A8EDB700A6E348 /* RecipeModel.swift */ = {isa = PBXFileReference; lastKnownFileType = sourcecode.swift; path = RecipeModel.swift; sourceTree = "<group>"; };
		2B08D1D626A9E2D900A6E348 /* DataService.swift */ = {isa = PBXFileReference; lastKnownFileType = sourcecode.swift; path = DataService.swift; sourceTree = "<group>"; };
		2B08D1D826AB396800A6E348 /* RecipeDetailView.swift */ = {isa = PBXFileReference; lastKnownFileType = sourcecode.swift; path = RecipeDetailView.swift; sourceTree = "<group>"; };
		2B32C2D326B0E88C00EB2B42 /* RecipeFeaturedView.swift */ = {isa = PBXFileReference; lastKnownFileType = sourcecode.swift; path = RecipeFeaturedView.swift; sourceTree = "<group>"; };
		2BEC740A26AF707800691D07 /* RecipeTabView.swift */ = {isa = PBXFileReference; lastKnownFileType = sourcecode.swift; path = RecipeTabView.swift; sourceTree = "<group>"; };
/* End PBXFileReference section */

/* Begin PBXFrameworksBuildPhase section */
		2B08D1B626A8EAE400A6E348 /* Frameworks */ = {
			isa = PBXFrameworksBuildPhase;
			buildActionMask = 2147483647;
			files = (
			);
			runOnlyForDeploymentPostprocessing = 0;
		};
/* End PBXFrameworksBuildPhase section */

/* Begin PBXGroup section */
		2B06F4FC26B4900B009F8549 /* Ultilities */ = {
			isa = PBXGroup;
			children = (
				2B06F4FD26B4902C009F8549 /* Rational.swift */,
			);
			path = Ultilities;
			sourceTree = "<group>";
		};
		2B08D1B026A8EAE400A6E348 = {
			isa = PBXGroup;
			children = (
				2B08D1BB26A8EAE400A6E348 /* recipe list app */,
				2B08D1BA26A8EAE400A6E348 /* Products */,
			);
			sourceTree = "<group>";
		};
		2B08D1BA26A8EAE400A6E348 /* Products */ = {
			isa = PBXGroup;
			children = (
				2B08D1B926A8EAE400A6E348 /* recipe list app.app */,
			);
			name = Products;
			sourceTree = "<group>";
		};
		2B08D1BB26A8EAE400A6E348 /* recipe list app */ = {
			isa = PBXGroup;
			children = (
				2B08D1BC26A8EAE400A6E348 /* recipe_list_app.swift */,
				2B08D1CB26A8EB0500A6E348 /* Views */,
				2B08D1CC26A8EB0D00A6E348 /* ViewModels */,
				2B08D1CD26A8EB1E00A6E348 /* Models */,
				2B08D1CF26A8EB6B00A6E348 /* Services */,
				2B08D1CE26A8EB6700A6E348 /* Data */,
				2B06F4FC26B4900B009F8549 /* Ultilities */,
				2B08D1C026A8EAE500A6E348 /* Assets.xcassets */,
				2B08D1C526A8EAE500A6E348 /* Info.plist */,
				2B08D1C226A8EAE500A6E348 /* Preview Content */,
			);
			path = "recipe list app";
			sourceTree = "<group>";
		};
		2B08D1C226A8EAE500A6E348 /* Preview Content */ = {
			isa = PBXGroup;
			children = (
				2B08D1C326A8EAE500A6E348 /* Preview Assets.xcassets */,
			);
			path = "Preview Content";
			sourceTree = "<group>";
		};
		2B08D1CB26A8EB0500A6E348 /* Views */ = {
			isa = PBXGroup;
			children = (
				2BEC740A26AF707800691D07 /* RecipeTabView.swift */,
				2B08D1BE26A8EAE400A6E348 /* RecipeListView.swift */,
				2B08D1D826AB396800A6E348 /* RecipeDetailView.swift */,
				2B32C2D326B0E88C00EB2B42 /* RecipeFeaturedView.swift */,
				2B06F4FF26B70BBF009F8549 /* RecipeHighlights.swift */,
			);
			path = Views;
			sourceTree = "<group>";
		};
		2B08D1CC26A8EB0D00A6E348 /* ViewModels */ = {
			isa = PBXGroup;
			children = (
				2B08D1D426A8EDB700A6E348 /* RecipeModel.swift */,
			);
			path = ViewModels;
			sourceTree = "<group>";
		};
		2B08D1CD26A8EB1E00A6E348 /* Models */ = {
			isa = PBXGroup;
			children = (
				2B08D1D226A8EC6200A6E348 /* Recipe.swift */,
			);
			path = Models;
			sourceTree = "<group>";
		};
		2B08D1CE26A8EB6700A6E348 /* Data */ = {
			isa = PBXGroup;
			children = (
				2B08D1D026A8EC0100A6E348 /* recipes.json */,
			);
			path = Data;
			sourceTree = "<group>";
		};
		2B08D1CF26A8EB6B00A6E348 /* Services */ = {
			isa = PBXGroup;
			children = (
				2B08D1D626A9E2D900A6E348 /* DataService.swift */,
			);
			path = Services;
			sourceTree = "<group>";
		};
/* End PBXGroup section */

/* Begin PBXNativeTarget section */
		2B08D1B826A8EAE400A6E348 /* recipe list app */ = {
			isa = PBXNativeTarget;
			buildConfigurationList = 2B08D1C826A8EAE500A6E348 /* Build configuration list for PBXNativeTarget "recipe list app" */;
			buildPhases = (
				2B08D1B526A8EAE400A6E348 /* Sources */,
				2B08D1B626A8EAE400A6E348 /* Frameworks */,
				2B08D1B726A8EAE400A6E348 /* Resources */,
			);
			buildRules = (
			);
			dependencies = (
			);
			name = "recipe list app";
			productName = "recipe list app";
			productReference = 2B08D1B926A8EAE400A6E348 /* recipe list app.app */;
			productType = "com.apple.product-type.application";
		};
/* End PBXNativeTarget section */

/* Begin PBXProject section */
		2B08D1B126A8EAE400A6E348 /* Project object */ = {
			isa = PBXProject;
			attributes = {
				LastSwiftUpdateCheck = 1250;
				LastUpgradeCheck = 1250;
				TargetAttributes = {
					2B08D1B826A8EAE400A6E348 = {
						CreatedOnToolsVersion = 12.5.1;
					};
				};
			};
			buildConfigurationList = 2B08D1B426A8EAE400A6E348 /* Build configuration list for PBXProject "recipe list app" */;
			compatibilityVersion = "Xcode 9.3";
			developmentRegion = en;
			hasScannedForEncodings = 0;
			knownRegions = (
				en,
				Base,
			);
			mainGroup = 2B08D1B026A8EAE400A6E348;
			productRefGroup = 2B08D1BA26A8EAE400A6E348 /* Products */;
			projectDirPath = "";
			projectRoot = "";
			targets = (
				2B08D1B826A8EAE400A6E348 /* recipe list app */,
			);
		};
/* End PBXProject section */

/* Begin PBXResourcesBuildPhase section */
		2B08D1B726A8EAE400A6E348 /* Resources */ = {
			isa = PBXResourcesBuildPhase;
			buildActionMask = 2147483647;
			files = (
				2B08D1C426A8EAE500A6E348 /* Preview Assets.xcassets in Resources */,
				2B08D1D126A8EC0100A6E348 /* recipes.json in Resources */,
				2B08D1C126A8EAE500A6E348 /* Assets.xcassets in Resources */,
			);
			runOnlyForDeploymentPostprocessing = 0;
		};
/* End PBXResourcesBuildPhase section */

/* Begin PBXSourcesBuildPhase section */
		2B08D1B526A8EAE400A6E348 /* Sources */ = {
			isa = PBXSourcesBuildPhase;
			buildActionMask = 2147483647;
			files = (
				2B08D1D326A8EC6200A6E348 /* Recipe.swift in Sources */,
				2B08D1D926AB396800A6E348 /* RecipeDetailView.swift in Sources */,
				2B06F50026B70BBF009F8549 /* RecipeHighlights.swift in Sources */,
				2B06F4FE26B4902C009F8549 /* Rational.swift in Sources */,
				2B08D1D526A8EDB700A6E348 /* RecipeModel.swift in Sources */,
				2B08D1BF26A8EAE400A6E348 /* RecipeListView.swift in Sources */,
				2B08D1BD26A8EAE400A6E348 /* recipe_list_app.swift in Sources */,
				2B08D1D726A9E2D900A6E348 /* DataService.swift in Sources */,
				2B32C2D426B0E88C00EB2B42 /* RecipeFeaturedView.swift in Sources */,
				2BEC740B26AF707800691D07 /* RecipeTabView.swift in Sources */,
			);
			runOnlyForDeploymentPostprocessing = 0;
		};
/* End PBXSourcesBuildPhase section */

/* Begin XCBuildConfiguration section */
		2B08D1C626A8EAE500A6E348 /* Debug */ = {
			isa = XCBuildConfiguration;
			buildSettings = {
				ALWAYS_SEARCH_USER_PATHS = NO;
				CLANG_ANALYZER_NONNULL = YES;
				CLANG_ANALYZER_NUMBER_OBJECT_CONVERSION = YES_AGGRESSIVE;
				CLANG_CXX_LANGUAGE_STANDARD = "gnu++14";
				CLANG_CXX_LIBRARY = "libc++";
				CLANG_ENABLE_MODULES = YES;
				CLANG_ENABLE_OBJC_ARC = YES;
				CLANG_ENABLE_OBJC_WEAK = YES;
				CLANG_WARN_BLOCK_CAPTURE_AUTORELEASING = YES;
				CLANG_WARN_BOOL_CONVERSION = YES;
				CLANG_WARN_COMMA = YES;
				CLANG_WARN_CONSTANT_CONVERSION = YES;
				CLANG_WARN_DEPRECATED_OBJC_IMPLEMENTATIONS = YES;
				CLANG_WARN_DIRECT_OBJC_ISA_USAGE = YES_ERROR;
				CLANG_WARN_DOCUMENTATION_COMMENTS = YES;
				CLANG_WARN_EMPTY_BODY = YES;
				CLANG_WARN_ENUM_CONVERSION = YES;
				CLANG_WARN_INFINITE_RECURSION = YES;
				CLANG_WARN_INT_CONVERSION = YES;
				CLANG_WARN_NON_LITERAL_NULL_CONVERSION = YES;
				CLANG_WARN_OBJC_IMPLICIT_RETAIN_SELF = YES;
				CLANG_WARN_OBJC_LITERAL_CONVERSION = YES;
				CLANG_WARN_OBJC_ROOT_CLASS = YES_ERROR;
				CLANG_WARN_QUOTED_INCLUDE_IN_FRAMEWORK_HEADER = YES;
				CLANG_WARN_RANGE_LOOP_ANALYSIS = YES;
				CLANG_WARN_STRICT_PROTOTYPES = YES;
				CLANG_WARN_SUSPICIOUS_MOVE = YES;
				CLANG_WARN_UNGUARDED_AVAILABILITY = YES_AGGRESSIVE;
				CLANG_WARN_UNREACHABLE_CODE = YES;
				CLANG_WARN__DUPLICATE_METHOD_MATCH = YES;
				COPY_PHASE_STRIP = NO;
				DEBUG_INFORMATION_FORMAT = dwarf;
				ENABLE_STRICT_OBJC_MSGSEND = YES;
				ENABLE_TESTABILITY = YES;
				GCC_C_LANGUAGE_STANDARD = gnu11;
				GCC_DYNAMIC_NO_PIC = NO;
				GCC_NO_COMMON_BLOCKS = YES;
				GCC_OPTIMIZATION_LEVEL = 0;
				GCC_PREPROCESSOR_DEFINITIONS = (
					"DEBUG=1",
					"$(inherited)",
				);
				GCC_WARN_64_TO_32_BIT_CONVERSION = YES;
				GCC_WARN_ABOUT_RETURN_TYPE = YES_ERROR;
				GCC_WARN_UNDECLARED_SELECTOR = YES;
				GCC_WARN_UNINITIALIZED_AUTOS = YES_AGGRESSIVE;
				GCC_WARN_UNUSED_FUNCTION = YES;
				GCC_WARN_UNUSED_VARIABLE = YES;
				IPHONEOS_DEPLOYMENT_TARGET = 14.5;
				MTL_ENABLE_DEBUG_INFO = INCLUDE_SOURCE;
				MTL_FAST_MATH = YES;
				ONLY_ACTIVE_ARCH = YES;
				SDKROOT = iphoneos;
				SWIFT_ACTIVE_COMPILATION_CONDITIONS = DEBUG;
				SWIFT_OPTIMIZATION_LEVEL = "-Onone";
			};
			name = Debug;
		};
		2B08D1C726A8EAE500A6E348 /* Release */ = {
			isa = XCBuildConfiguration;
			buildSettings = {
				ALWAYS_SEARCH_USER_PATHS = NO;
				CLANG_ANALYZER_NONNULL = YES;
				CLANG_ANALYZER_NUMBER_OBJECT_CONVERSION = YES_AGGRESSIVE;
				CLANG_CXX_LANGUAGE_STANDARD = "gnu++14";
				CLANG_CXX_LIBRARY = "libc++";
				CLANG_ENABLE_MODULES = YES;
				CLANG_ENABLE_OBJC_ARC = YES;
				CLANG_ENABLE_OBJC_WEAK = YES;
				CLANG_WARN_BLOCK_CAPTURE_AUTORELEASING = YES;
				CLANG_WARN_BOOL_CONVERSION = YES;
				CLANG_WARN_COMMA = YES;
				CLANG_WARN_CONSTANT_CONVERSION = YES;
				CLANG_WARN_DEPRECATED_OBJC_IMPLEMENTATIONS = YES;
				CLANG_WARN_DIRECT_OBJC_ISA_USAGE = YES_ERROR;
				CLANG_WARN_DOCUMENTATION_COMMENTS = YES;
				CLANG_WARN_EMPTY_BODY = YES;
				CLANG_WARN_ENUM_CONVERSION = YES;
				CLANG_WARN_INFINITE_RECURSION = YES;
				CLANG_WARN_INT_CONVERSION = YES;
				CLANG_WARN_NON_LITERAL_NULL_CONVERSION = YES;
				CLANG_WARN_OBJC_IMPLICIT_RETAIN_SELF = YES;
				CLANG_WARN_OBJC_LITERAL_CONVERSION = YES;
				CLANG_WARN_OBJC_ROOT_CLASS = YES_ERROR;
				CLANG_WARN_QUOTED_INCLUDE_IN_FRAMEWORK_HEADER = YES;
				CLANG_WARN_RANGE_LOOP_ANALYSIS = YES;
				CLANG_WARN_STRICT_PROTOTYPES = YES;
				CLANG_WARN_SUSPICIOUS_MOVE = YES;
				CLANG_WARN_UNGUARDED_AVAILABILITY = YES_AGGRESSIVE;
				CLANG_WARN_UNREACHABLE_CODE = YES;
				CLANG_WARN__DUPLICATE_METHOD_MATCH = YES;
				COPY_PHASE_STRIP = NO;
				DEBUG_INFORMATION_FORMAT = "dwarf-with-dsym";
				ENABLE_NS_ASSERTIONS = NO;
				ENABLE_STRICT_OBJC_MSGSEND = YES;
				GCC_C_LANGUAGE_STANDARD = gnu11;
				GCC_NO_COMMON_BLOCKS = YES;
				GCC_WARN_64_TO_32_BIT_CONVERSION = YES;
				GCC_WARN_ABOUT_RETURN_TYPE = YES_ERROR;
				GCC_WARN_UNDECLARED_SELECTOR = YES;
				GCC_WARN_UNINITIALIZED_AUTOS = YES_AGGRESSIVE;
				GCC_WARN_UNUSED_FUNCTION = YES;
				GCC_WARN_UNUSED_VARIABLE = YES;
				IPHONEOS_DEPLOYMENT_TARGET = 14.5;
				MTL_ENABLE_DEBUG_INFO = NO;
				MTL_FAST_MATH = YES;
				SDKROOT = iphoneos;
				SWIFT_COMPILATION_MODE = wholemodule;
				SWIFT_OPTIMIZATION_LEVEL = "-O";
				VALIDATE_PRODUCT = YES;
			};
			name = Release;
		};
		2B08D1C926A8EAE500A6E348 /* Debug */ = {
			isa = XCBuildConfiguration;
			buildSettings = {
				ASSETCATALOG_COMPILER_APPICON_NAME = AppIcon;
				ASSETCATALOG_COMPILER_GLOBAL_ACCENT_COLOR_NAME = AccentColor;
				CODE_SIGN_STYLE = Automatic;
				DEVELOPMENT_ASSET_PATHS = "\"recipe list app/Preview Content\"";
				DEVELOPMENT_TEAM = HQ26AHGMA4;
				ENABLE_PREVIEWS = YES;
				INFOPLIST_FILE = "recipe list app/Info.plist";
				IPHONEOS_DEPLOYMENT_TARGET = 14.0;
				LD_RUNPATH_SEARCH_PATHS = (
					"$(inherited)",
					"@executable_path/Frameworks",
				);
				PRODUCT_BUNDLE_IDENTIFIER = "com.ed.recipe-list-app";
				PRODUCT_NAME = "$(TARGET_NAME)";
				SWIFT_VERSION = 5.0;
				TARGETED_DEVICE_FAMILY = "1,2";
			};
			name = Debug;
		};
		2B08D1CA26A8EAE500A6E348 /* Release */ = {
			isa = XCBuildConfiguration;
			buildSettings = {
				ASSETCATALOG_COMPILER_APPICON_NAME = AppIcon;
				ASSETCATALOG_COMPILER_GLOBAL_ACCENT_COLOR_NAME = AccentColor;
				CODE_SIGN_STYLE = Automatic;
				DEVELOPMENT_ASSET_PATHS = "\"recipe list app/Preview Content\"";
				DEVELOPMENT_TEAM = HQ26AHGMA4;
				ENABLE_PREVIEWS = YES;
				INFOPLIST_FILE = "recipe list app/Info.plist";
				IPHONEOS_DEPLOYMENT_TARGET = 14.0;
				LD_RUNPATH_SEARCH_PATHS = (
					"$(inherited)",
					"@executable_path/Frameworks",
				);
				PRODUCT_BUNDLE_IDENTIFIER = "com.ed.recipe-list-app";
				PRODUCT_NAME = "$(TARGET_NAME)";
				SWIFT_VERSION = 5.0;
				TARGETED_DEVICE_FAMILY = "1,2";
			};
			name = Release;
		};
/* End XCBuildConfiguration section */

/* Begin XCConfigurationList section */
		2B08D1B426A8EAE400A6E348 /* Build configuration list for PBXProject "recipe list app" */ = {
			isa = XCConfigurationList;
			buildConfigurations = (
				2B08D1C626A8EAE500A6E348 /* Debug */,
				2B08D1C726A8EAE500A6E348 /* Release */,
			);
			defaultConfigurationIsVisible = 0;
			defaultConfigurationName = Release;
		};
		2B08D1C826A8EAE500A6E348 /* Build configuration list for PBXNativeTarget "recipe list app" */ = {
			isa = XCConfigurationList;
			buildConfigurations = (
				2B08D1C926A8EAE500A6E348 /* Debug */,
				2B08D1CA26A8EAE500A6E348 /* Release */,
			);
			defaultConfigurationIsVisible = 0;
			defaultConfigurationName = Release;
		};
/* End XCConfigurationList section */
	};
	rootObject = 2B08D1B126A8EAE400A6E348 /* Project object */;
}
